Microsoft Visual Studio Solution File, Format Version 11.00
# Visual Studio 2008

Project("{655E12DE-721D-0D40-079C-C390753D18BA}") = "FrogDodge", "Assembly-CSharp.csproj", "{693A2737-B353-90F8-C121-93C1BA9CDC29}"
EndProject
Global
	GlobalSection(SolutionConfigurationPlatforms) = preSolution
		Debug|Any CPU = Debug|Any CPU
		Release|Any CPU = Release|Any CPU
	EndGlobalSection
	GlobalSection(ProjectConfigurationPlatforms) = postSolution
		{693A2737-B353-90F8-C121-93C1BA9CDC29}.Debug|Any CPU.ActiveCfg = Debug|Any CPU
		{693A2737-B353-90F8-C121-93C1BA9CDC29}.Debug|Any CPU.Build.0 = Debug|Any CPU
		{693A2737-B353-90F8-C121-93C1BA9CDC29}.Release|Any CPU.ActiveCfg = Release|Any CPU
		{693A2737-B353-90F8-C121-93C1BA9CDC29}.Release|Any CPU.Build.0 = Release|Any CPU
	EndGlobalSection
	GlobalSection(SolutionProperties) = preSolution
		HideSolutionNode = FALSE
	EndGlobalSection
	GlobalSection(MonoDevelopProperties) = preSolution
		StartupItem = Assembly-CSharp.csproj
	EndGlobalSection
EndGlobal
